<?xml version="1.0" encoding="utf-8"?>
<Project ToolsVersion="4.0" xmlns="http://schemas.microsoft.com/developer/msbuild/2003">
  <ItemGroup>
    <Filter Include="Source Files">
      <UniqueIdentifier>{4FC737F1-C7A5-4376-A066-2A32D752A2FF}</UniqueIdentifier>
      <Extensions>cpp;c;cc;cxx;c++;cppm;ixx;def;odl;idl;hpj;bat;asm;asmx</Extensions>
    </Filter>
    <Filter Include="Header Files">
      <UniqueIdentifier>{93995380-89BD-4b04-88EB-625FBE52EBFB}</UniqueIdentifier>
      <Extensions>h;hh;hpp;hxx;h++;hm;inl;inc;ipp;xsd</Extensions>
    </Filter>
    <Filter Include="Resource Files">
      <UniqueIdentifier>{67DA6AB6-F800-4c08-8B7A-83BB121AAD01}</UniqueIdentifier>
      <Extensions>rc;ico;cur;bmp;dlg;rc2;rct;bin;rgs;gif;jpg;jpeg;jpe;resx;tiff;tif;png;wav;mfcribbon-ms</Extensions>
    </Filter>
  </ItemGroup>
  <ItemGroup>
    <ClCompile Include="..\..\samps\glvulk.cpp">
      <Filter>Source Files</Filter>
    </ClCompile>
    <ClCompile Include="deps\include\vulkan\vulkan.cppm">
      <Filter>Source Files</Filter>
    </ClCompile>
    <ClCompile Include="main.cpp">
      <Filter>Source Files</Filter>
    </ClCompile>
  </ItemGroup>
  <ItemGroup>
    <ClInclude Include="deps\include\GLFW\glfw3.h">
      <Filter>Header Files</Filter>
    </ClInclude>
    <ClInclude Include="deps\include\GLFW\glfw3native.h">
      <Filter>Header Files</Filter>
    </ClInclude>
    <ClInclude Include="deps\include\GLFW\opengl.h">
      <Filter>Header Files</Filter>
    </ClInclude>
    <ClInclude Include="deps\include\vulkan\vk_enum_string_helper.h">
      <Filter>Header Files</Filter>
    </ClInclude>
    <ClInclude Include="deps\include\vulkan\vk_icd.h">
      <Filter>Header Files</Filter>
    </ClInclude>
    <ClInclude Include="deps\include\vulkan\vk_layer.h">
      <Filter>Header Files</Filter>
    </ClInclude>
    <ClInclude Include="deps\include\vulkan\vk_platform.h">
      <Filter>Header Files</Filter>
    </ClInclude>
    <ClInclude Include="deps\include\vulkan\vulkan.h">
      <Filter>Header Files</Filter>
    </ClInclude>
    <ClInclude Include="deps\include\vulkan\vulkan.hpp">
      <Filter>Header Files</Filter>
    </ClInclude>
    <ClInclude Include="deps\include\vulkan\vulkan_android.h">
      <Filter>Header Files</Filter>
    </ClInclude>
    <ClInclude Include="deps\include\vulkan\vulkan_beta.h">
      <Filter>Header Files</Filter>
    </ClInclude>
    <ClInclude Include="deps\include\vulkan\vulkan_core.h">
      <Filter>Header Files</Filter>
    </ClInclude>
    <ClInclude Include="deps\include\vulkan\vulkan_directfb.h">
      <Filter>Header Files</Filter>
    </ClInclude>
    <ClInclude Include="deps\include\vulkan\vulkan_enums.hpp">
      <Filter>Header Files</Filter>
    </ClInclude>
    <ClInclude Include="deps\include\vulkan\vulkan_extension_inspection.hpp">
      <Filter>Header Files</Filter>
    </ClInclude>
    <ClInclude Include="deps\include\vulkan\vulkan_format_traits.hpp">
      <Filter>Header Files</Filter>
    </ClInclude>
    <ClInclude Include="deps\include\vulkan\vulkan_fuchsia.h">
      <Filter>Header Files</Filter>
    </ClInclude>
    <ClInclude Include="deps\include\vulkan\vulkan_funcs.hpp">
      <Filter>Header Files</Filter>
    </ClInclude>
    <ClInclude Include="deps\include\vulkan\vulkan_ggp.h">
      <Filter>Header Files</Filter>
    </ClInclude>
    <ClInclude Include="deps\include\vulkan\vulkan_handles.hpp">
      <Filter>Header Files</Filter>
    </ClInclude>
    <ClInclude Include="deps\include\vulkan\vulkan_hash.hpp">
      <Filter>Header Files</Filter>
    </ClInclude>
    <ClInclude Include="deps\include\vulkan\vulkan_hpp_macros.hpp">
      <Filter>Header Files</Filter>
    </ClInclude>
    <ClInclude Include="deps\include\vulkan\vulkan_ios.h">
      <Filter>Header Files</Filter>
    </ClInclude>
    <ClInclude Include="deps\include\vulkan\vulkan_macos.h">
      <Filter>Header Files</Filter>
    </ClInclude>
    <ClInclude Include="deps\include\vulkan\vulkan_metal.h">
      <Filter>Header Files</Filter>
    </ClInclude>
    <ClInclude Include="deps\include\vulkan\vulkan_profiles.hpp">
      <Filter>Header Files</Filter>
    </ClInclude>
    <ClInclude Include="deps\include\vulkan\vulkan_raii.hpp">
      <Filter>Header Files</Filter>
    </ClInclude>
    <ClInclude Include="deps\include\vulkan\vulkan_screen.h">
      <Filter>Header Files</Filter>
    </ClInclude>
    <ClInclude Include="deps\include\vulkan\vulkan_shared.hpp">
      <Filter>Header Files</Filter>
    </ClInclude>
    <ClInclude Include="deps\include\vulkan\vulkan_static_assertions.hpp">
      <Filter>Header Files</Filter>
    </ClInclude>
    <ClInclude Include="deps\include\vulkan\vulkan_structs.hpp">
      <Filter>Header Files</Filter>
    </ClInclude>
    <ClInclude Include="deps\include\vulkan\vulkan_to_string.hpp">
      <Filter>Header Files</Filter>
    </ClInclude>
    <ClInclude Include="deps\include\vulkan\vulkan_vi.h">
      <Filter>Header Files</Filter>
    </ClInclude>
    <ClInclude Include="deps\include\vulkan\vulkan_video.hpp">
      <Filter>Header Files</Filter>
    </ClInclude>
    <ClInclude Include="deps\include\vulkan\vulkan_wayland.h">
      <Filter>Header Files</Filter>
    </ClInclude>
    <ClInclude Include="deps\include\vulkan\vulkan_win32.h">
      <Filter>Header Files</Filter>
    </ClInclude>
    <ClInclude Include="deps\include\vulkan\vulkan_xcb.h">
      <Filter>Header Files</Filter>
    </ClInclude>
    <ClInclude Include="deps\include\vulkan\vulkan_xlib.h">
      <Filter>Header Files</Filter>
    </ClInclude>
    <ClInclude Include="deps\include\vulkan\vulkan_xlib_xrandr.h">
      <Filter>Header Files</Filter>
    </ClInclude>
    <ClInclude Include="deps\include\vulkan\utility\vk_concurrent_unordered_map.hpp">
      <Filter>Header Files</Filter>
    </ClInclude>
    <ClInclude Include="deps\include\vulkan\utility\vk_format_utils.h">
      <Filter>Header Files</Filter>
    </ClInclude>
    <ClInclude Include="deps\include\vulkan\utility\vk_safe_struct.hpp">
      <Filter>Header Files</Filter>
    </ClInclude>
    <ClInclude Include="deps\include\vulkan\utility\vk_safe_struct_utils.hpp">
      <Filter>Header Files</Filter>
    </ClInclude>
    <ClInclude Include="deps\include\vulkan\utility\vk_small_containers.hpp">
      <Filter>Header Files</Filter>
    </ClInclude>
    <ClInclude Include="deps\include\vulkan\utility\vk_sparse_range_map.hpp">
      <Filter>Header Files</Filter>
    </ClInclude>
  </ItemGroup>
  <ItemGroup>
    <Library Include="deps\lib\vulkan-1.lib" />
    <Library Include="deps\lib\glfw3.lib" />
  </ItemGroup>
  <ItemGroup>
    <None Include="makefile" />
  </ItemGroup>
</Project>